
Microsoft Visual Studio Solution File, Format Version 12.00
# Visual Studio Version 17
VisualStudioVersion = 17.5.33530.505
MinimumVisualStudioVersion = 10.0.40219.1
Project("{FAE04EC0-301F-11D3-BF4B-00C04F79EFBC}") = "SWAD_Assignment2", "SWAD_Assignment2\SWAD_Assignment2.csproj", "{483AE88D-C94E-4B7D-973A-08E4E3C79170}"
EndProject
Global
	GlobalSection(SolutionConfigurationPlatforms) = preSolution
		Debug|Any CPU = Debug|Any CPU
		Release|Any CPU = Release|Any CPU
	EndGlobalSection
	GlobalSection(ProjectConfigurationPlatforms) = postSolution
		{483AE88D-C94E-4B7D-973A-08E4E3C79170}.Debug|Any CPU.ActiveCfg = Debug|Any CPU
		{483AE88D-C94E-4B7D-973A-08E4E3C79170}.Debug|Any CPU.Build.0 = Debug|Any CPU
		{483AE88D-C94E-4B7D-973A-08E4E3C79170}.Release|Any CPU.ActiveCfg = Release|Any CPU
		{483AE88D-C94E-4B7D-973A-08E4E3C79170}.Release|Any CPU.Build.0 = Release|Any CPU
	EndGlobalSection
	GlobalSection(SolutionProperties) = preSolution
		HideSolutionNode = FALSE
	EndGlobalSection
	GlobalSection(ExtensibilityGlobals) = postSolution
		SolutionGuid = {B51A28B5-D0F6-41F8-99F2-9EF8447AFAC9}
	EndGlobalSection
EndGlobal
